
Microsoft Visual Studio Solution File, Format Version 12.00
# Visual Studio Version 17
VisualStudioVersion = 17.7.34024.191
MinimumVisualStudioVersion = 10.0.40219.1
Project("{FAE04EC0-301F-11D3-BF4B-00C04F79EFBC}") = "FlashGenerator", "FlashGenerator\FlashGenerator.csproj", "{262BC22F-0202-4AE0-8451-D98D27A45CFA}"
EndProject
Global
	GlobalSection(SolutionConfigurationPlatforms) = preSolution
		Debug|Any CPU = Debug|Any CPU
		Release|Any CPU = Release|Any CPU
	EndGlobalSection
	GlobalSection(ProjectConfigurationPlatforms) = postSolution
		{262BC22F-0202-4AE0-8451-D98D27A45CFA}.Debug|Any CPU.ActiveCfg = Debug|Any CPU
		{262BC22F-0202-4AE0-8451-D98D27A45CFA}.Debug|Any CPU.Build.0 = Debug|Any CPU
		{262BC22F-0202-4AE0-8451-D98D27A45CFA}.Release|Any CPU.ActiveCfg = Release|Any CPU
		{262BC22F-0202-4AE0-8451-D98D27A45CFA}.Release|Any CPU.Build.0 = Release|Any CPU
	EndGlobalSection
	GlobalSection(SolutionProperties) = preSolution
		HideSolutionNode = FALSE
	EndGlobalSection
	GlobalSection(ExtensibilityGlobals) = postSolution
		SolutionGuid = {2C0DFF0E-4355-4EF8-B2C7-F9CCE9E1A11C}
	EndGlobalSection
EndGlobal
